{
  "name": "text-pngify",
  "version": "1.0.0",
  "lockfileVersion": 1,
  "requires": true,
  "dependencies": {
    "@types/pako": {
      "version": "1.0.1",
      "resolved": "https://registry.npmjs.org/@types/pako/-/pako-1.0.1.tgz",
      "integrity": "sha512-GdZbRSJ3Cv5fiwT6I0SQ3ckeN2PWNqxd26W9Z2fCK1tGrrasGy4puvNFtnddqH9UJFMQYXxEuuB7B8UK+LLwSg=="
    },
    "fast-png": {
      "version": "5.0.2",
      "resolved": "https://registry.npmjs.org/fast-png/-/fast-png-5.0.2.tgz",
      "integrity": "sha512-75j60BAZP5R3eTHslW5o8apfuAtxRONfY3gGt3yQlsm46Xz+uRCjguBFFr5SMNGPJ7MjYFBsE1dlwPLnTA4t6w==",
      "requires": {
        "@types/pako": "^1.0.1",
        "iobuffer": "^5.0.2",
        "pako": "^1.0.10"
      }
    },
    "iobuffer": {
      "version": "5.0.2",
      "resolved": "https://registry.npmjs.org/iobuffer/-/iobuffer-5.0.2.tgz",
      "integrity": "sha512-FwwzAUZkapfHq76amLGSaEigB2nRSZR+ADc+zRcIRm2MsofDJAiIEPGbw+is/lI+kW32fM5jezmJ8dVQnd1UbA=="
    },
    "pako": {
      "version": "1.0.11",
      "resolved": "https://registry.npmjs.org/pako/-/pako-1.0.11.tgz",
      "integrity": "sha512-4hLB8Py4zZce5s4yd9XzopqwVv/yGNhV1Bl8NTmCq1763HeK2+EwVTv+leGeL13Dnh2wfbqowVPXCIO0z4taYw=="
    }
  }
}
